
Microsoft Visual Studio Solution File, Format Version 12.00
# Visual Studio Version 17
VisualStudioVersion = 17.5.33318.248
MinimumVisualStudioVersion = 10.0.40219.1
Project("{9A19103F-16F7-4668-BE54-9A1E7A4F7556}") = "TestRoslyn", "TestRoslyn\TestRoslyn.csproj", "{91AADD81-D0B1-4E53-AECA-DBD3BFA724C2}"
EndProject
Global
	GlobalSection(SolutionConfigurationPlatforms) = preSolution
		Debug|Any CPU = Debug|Any CPU
		Release|Any CPU = Release|Any CPU
	EndGlobalSection
	GlobalSection(ProjectConfigurationPlatforms) = postSolution
		{91AADD81-D0B1-4E53-AECA-DBD3BFA724C2}.Debug|Any CPU.ActiveCfg = Debug|Any CPU
		{91AADD81-D0B1-4E53-AECA-DBD3BFA724C2}.Debug|Any CPU.Build.0 = Debug|Any CPU
		{91AADD81-D0B1-4E53-AECA-DBD3BFA724C2}.Release|Any CPU.ActiveCfg = Release|Any CPU
		{91AADD81-D0B1-4E53-AECA-DBD3BFA724C2}.Release|Any CPU.Build.0 = Release|Any CPU
	EndGlobalSection
	GlobalSection(SolutionProperties) = preSolution
		HideSolutionNode = FALSE
	EndGlobalSection
	GlobalSection(ExtensibilityGlobals) = postSolution
		SolutionGuid = {6D73D2A3-B7DD-4067-BD14-ABA8930BFA1B}
	EndGlobalSection
EndGlobal
